{
  "nodes": {
    "flake-utils": {
      "inputs": {
        "systems": "systems"
      },
      "locked": {
        "lastModified": 1710146030,
        "narHash": "sha256-SZ5L6eA7HJ/nmkzGG7/ISclqe6oZdOZTNoesiInkXPQ=",
        "owner": "numtide",
        "repo": "flake-utils",
        "rev": "b1d9ab70662946ef0850d488da1c9019f3a9752a",
        "type": "github"
      },
      "original": {
        "owner": "numtide",
        "repo": "flake-utils",
        "type": "github"
      }
    },
    "home-manager": {
      "inputs": {
        "nixpkgs": [
          "nixpkgs"
        ]
      },
      "locked": {
        "lastModified": 1745703610,
        "narHash": "sha256-KgaGPlmjJItZ+Xf8mSoRmrsso+sf3K54n9oIP9Q17LY=",
        "owner": "nix-community",
        "repo": "home-manager",
        "rev": "2f5819a962489e037a57835f63ed6ff8dbc2d5fb",
        "type": "github"
      },
      "original": {
        "owner": "nix-community",
        "repo": "home-manager",
        "type": "github"
      }
    },
    "kolide-launcher": {
      "inputs": {
        "nixpkgs": [
          "nixpkgs"
        ]
      },
      "locked": {
        "lastModified": 1742581852,
        "narHash": "sha256-FgiCbOkBtPzidoLb2RIeaeAJUhKbDWjKIwmaF6k12ds=",
        "owner": "kolide",
        "repo": "nix-agent",
        "rev": "e4a6b5e05a79dd10bceb98032f3b2681ec71eab0",
        "type": "github"
      },
      "original": {
        "owner": "kolide",
        "repo": "nix-agent",
        "type": "github"
      }
    },
    "nixpkgs": {
      "locked": {
        "lastModified": 1745526057,
        "narHash": "sha256-ITSpPDwvLBZBnPRS2bUcHY3gZSwis/uTe255QgMtTLA=",
        "owner": "NixOS",
        "repo": "nixpkgs",
        "rev": "f771eb401a46846c1aebd20552521b233dd7e18b",
        "type": "github"
      },
      "original": {
        "id": "nixpkgs",
        "ref": "nixos-unstable",
        "type": "indirect"
      }
    },
    "nixpkgs_2": {
      "locked": {
        "lastModified": 1720031269,
        "narHash": "sha256-rwz8NJZV+387rnWpTYcXaRNvzUSnnF9aHONoJIYmiUQ=",
        "owner": "NixOS",
        "repo": "nixpkgs",
        "rev": "9f4128e00b0ae8ec65918efeba59db998750ead6",
        "type": "github"
      },
      "original": {
        "owner": "NixOS",
        "ref": "nixos-unstable",
        "repo": "nixpkgs",
        "type": "github"
      }
    },
    "opnix": {
      "inputs": {
        "flake-utils": "flake-utils",
        "nixpkgs": "nixpkgs_2"
      },
      "locked": {
        "lastModified": 1745546333,
        "narHash": "sha256-JirJAzMIOdAW2+7t6pXB5TPdYVvXhRMBMQK1lgQwnFo=",
        "owner": "brizzbuzz",
        "repo": "opnix",
        "rev": "f36039dc2e436d2ae3c161c28abb6f22882101d3",
        "type": "github"
      },
      "original": {
        "owner": "brizzbuzz",
        "ref": "main",
        "repo": "opnix",
        "type": "github"
      }
    },
    "root": {
      "inputs": {
        "home-manager": "home-manager",
        "kolide-launcher": "kolide-launcher",
        "nixpkgs": "nixpkgs",
        "opnix": "opnix"
      }
    },
    "systems": {
      "locked": {
        "lastModified": 1681028828,
        "narHash": "sha256-Vy1rq5AaRuLzOxct8nz4T6wlgyUR7zLU309k9mBC768=",
        "owner": "nix-systems",
        "repo": "default",
        "rev": "da67096a3b9bf56a91d16901293e51ba5b49a27e",
        "type": "github"
      },
      "original": {
        "owner": "nix-systems",
        "repo": "default",
        "type": "github"
      }
    }
  },
  "root": "root",
  "version": 7
}
